
Microsoft Visual Studio Solution File, Format Version 12.00
# Visual Studio Version 17
VisualStudioVersion = 17.5.33516.290
MinimumVisualStudioVersion = 10.0.40219.1
Project("{FAE04EC0-301F-11D3-BF4B-00C04F79EFBC}") = "Ejercicio59.Consola", "Ejercicio59.Consola\Ejercicio59.Consola.csproj", "{095F5FC5-039F-4EEC-8919-AB7825C4B80F}"
EndProject
Global
	GlobalSection(SolutionConfigurationPlatforms) = preSolution
		Debug|Any CPU = Debug|Any CPU
		Release|Any CPU = Release|Any CPU
	EndGlobalSection
	GlobalSection(ProjectConfigurationPlatforms) = postSolution
		{095F5FC5-039F-4EEC-8919-AB7825C4B80F}.Debug|Any CPU.ActiveCfg = Debug|Any CPU
		{095F5FC5-039F-4EEC-8919-AB7825C4B80F}.Debug|Any CPU.Build.0 = Debug|Any CPU
		{095F5FC5-039F-4EEC-8919-AB7825C4B80F}.Release|Any CPU.ActiveCfg = Release|Any CPU
		{095F5FC5-039F-4EEC-8919-AB7825C4B80F}.Release|Any CPU.Build.0 = Release|Any CPU
	EndGlobalSection
	GlobalSection(SolutionProperties) = preSolution
		HideSolutionNode = FALSE
	EndGlobalSection
	GlobalSection(ExtensibilityGlobals) = postSolution
		SolutionGuid = {F07CA4DD-A960-4408-B610-30DFCB6DFA55}
	EndGlobalSection
EndGlobal
